
Microsoft Visual Studio Solution File, Format Version 12.00
# Visual Studio 15
VisualStudioVersion = 15.0.27428.2037
MinimumVisualStudioVersion = 10.0.40219.1
Project("{9A19103F-16F7-4668-BE54-9A1E7A4F7556}") = "Person.Context", "Person.Context\Person.Context.csproj", "{072F5994-706D-4F73-B67A-82B3A4256D34}"
EndProject
Project("{9A19103F-16F7-4668-BE54-9A1E7A4F7556}") = "Person.Library", "Person.Library\Person.Library.csproj", "{98D6A65B-A77B-4D4F-B524-7C3A1FF006F9}"
EndProject
Project("{9A19103F-16F7-4668-BE54-9A1E7A4F7556}") = "Person.Service", "Person.Service\Person.Service.csproj", "{C1BF4E55-E12C-4FC3-8019-65D8F3DED1BE}"
EndProject
Project("{9A19103F-16F7-4668-BE54-9A1E7A4F7556}") = "Person.TestSuite", "Person.TestSuite\Person.TestSuite.csproj", "{AF19EBA6-E75B-4E73-B6B4-35D16AE9639B}"
EndProject
Global
	GlobalSection(SolutionConfigurationPlatforms) = preSolution
		Debug|Any CPU = Debug|Any CPU
		Release|Any CPU = Release|Any CPU
	EndGlobalSection
	GlobalSection(ProjectConfigurationPlatforms) = postSolution
		{072F5994-706D-4F73-B67A-82B3A4256D34}.Debug|Any CPU.ActiveCfg = Debug|Any CPU
		{072F5994-706D-4F73-B67A-82B3A4256D34}.Debug|Any CPU.Build.0 = Debug|Any CPU
		{072F5994-706D-4F73-B67A-82B3A4256D34}.Release|Any CPU.ActiveCfg = Release|Any CPU
		{072F5994-706D-4F73-B67A-82B3A4256D34}.Release|Any CPU.Build.0 = Release|Any CPU
		{98D6A65B-A77B-4D4F-B524-7C3A1FF006F9}.Debug|Any CPU.ActiveCfg = Debug|Any CPU
		{98D6A65B-A77B-4D4F-B524-7C3A1FF006F9}.Debug|Any CPU.Build.0 = Debug|Any CPU
		{98D6A65B-A77B-4D4F-B524-7C3A1FF006F9}.Release|Any CPU.ActiveCfg = Release|Any CPU
		{98D6A65B-A77B-4D4F-B524-7C3A1FF006F9}.Release|Any CPU.Build.0 = Release|Any CPU
		{C1BF4E55-E12C-4FC3-8019-65D8F3DED1BE}.Debug|Any CPU.ActiveCfg = Debug|Any CPU
		{C1BF4E55-E12C-4FC3-8019-65D8F3DED1BE}.Debug|Any CPU.Build.0 = Debug|Any CPU
		{C1BF4E55-E12C-4FC3-8019-65D8F3DED1BE}.Release|Any CPU.ActiveCfg = Release|Any CPU
		{C1BF4E55-E12C-4FC3-8019-65D8F3DED1BE}.Release|Any CPU.Build.0 = Release|Any CPU
		{AF19EBA6-E75B-4E73-B6B4-35D16AE9639B}.Debug|Any CPU.ActiveCfg = Debug|Any CPU
		{AF19EBA6-E75B-4E73-B6B4-35D16AE9639B}.Debug|Any CPU.Build.0 = Debug|Any CPU
		{AF19EBA6-E75B-4E73-B6B4-35D16AE9639B}.Release|Any CPU.ActiveCfg = Release|Any CPU
		{AF19EBA6-E75B-4E73-B6B4-35D16AE9639B}.Release|Any CPU.Build.0 = Release|Any CPU
	EndGlobalSection
	GlobalSection(SolutionProperties) = preSolution
		HideSolutionNode = FALSE
	EndGlobalSection
	GlobalSection(ExtensibilityGlobals) = postSolution
		SolutionGuid = {84A76BEA-E8C1-462D-B47B-AC77618DCEB5}
	EndGlobalSection
EndGlobal
