Microsoft Visual Studio Solution File, Format Version 12.00
# Visual Studio 15
VisualStudioVersion = 15.0.26124.0
MinimumVisualStudioVersion = 15.0.26124.0
Project("{9A19103F-16F7-4668-BE54-9A1E7A4F7556}") = "ServiceHub.User.Context", "ServiceHub.User.Context\ServiceHub.User.Context.csproj", "{DC2CAFC1-A172-4C71-8FB5-EEB7C06589C0}"
EndProject
Project("{9A19103F-16F7-4668-BE54-9A1E7A4F7556}") = "ServiceHub.User.Library", "ServiceHub.User.Library\ServiceHub.User.Library.csproj", "{D090AF33-508B-4619-A654-1B3FBF905FD9}"
EndProject
Project("{9A19103F-16F7-4668-BE54-9A1E7A4F7556}") = "ServiceHub.User.Service", "ServiceHub.User.Service\ServiceHub.User.Service.csproj", "{2BB86478-D80E-4AFA-96C1-4C28BB8173E8}"
EndProject
Project("{9A19103F-16F7-4668-BE54-9A1E7A4F7556}") = "ServiceHub.User.Testing", "ServiceHub.User.Testing\ServiceHub.User.Testing.csproj", "{0E4898C5-7CF9-450D-A7B5-710C7739EAC7}"
EndProject
Project("{2150E333-8FDC-42A3-9474-1A3956D46DE8}") = "Solution Items", "Solution Items", "{C0DA223E-3217-475E-AFB4-A3BA6C0062CB}"
	ProjectSection(SolutionItems) = preProject
		.editorconfig = .editorconfig
	EndProjectSection
EndProject
Global
	GlobalSection(SolutionConfigurationPlatforms) = preSolution
		Debug|Any CPU = Debug|Any CPU
		Debug|x64 = Debug|x64
		Debug|x86 = Debug|x86
		Release|Any CPU = Release|Any CPU
		Release|x64 = Release|x64
		Release|x86 = Release|x86
	EndGlobalSection
	GlobalSection(ProjectConfigurationPlatforms) = postSolution
		{DC2CAFC1-A172-4C71-8FB5-EEB7C06589C0}.Debug|Any CPU.ActiveCfg = Debug|Any CPU
		{DC2CAFC1-A172-4C71-8FB5-EEB7C06589C0}.Debug|Any CPU.Build.0 = Debug|Any CPU
		{DC2CAFC1-A172-4C71-8FB5-EEB7C06589C0}.Debug|x64.ActiveCfg = Debug|Any CPU
		{DC2CAFC1-A172-4C71-8FB5-EEB7C06589C0}.Debug|x64.Build.0 = Debug|Any CPU
		{DC2CAFC1-A172-4C71-8FB5-EEB7C06589C0}.Debug|x86.ActiveCfg = Debug|Any CPU
		{DC2CAFC1-A172-4C71-8FB5-EEB7C06589C0}.Debug|x86.Build.0 = Debug|Any CPU
		{DC2CAFC1-A172-4C71-8FB5-EEB7C06589C0}.Release|Any CPU.ActiveCfg = Release|Any CPU
		{DC2CAFC1-A172-4C71-8FB5-EEB7C06589C0}.Release|Any CPU.Build.0 = Release|Any CPU
		{DC2CAFC1-A172-4C71-8FB5-EEB7C06589C0}.Release|x64.ActiveCfg = Release|Any CPU
		{DC2CAFC1-A172-4C71-8FB5-EEB7C06589C0}.Release|x64.Build.0 = Release|Any CPU
		{DC2CAFC1-A172-4C71-8FB5-EEB7C06589C0}.Release|x86.ActiveCfg = Release|Any CPU
		{DC2CAFC1-A172-4C71-8FB5-EEB7C06589C0}.Release|x86.Build.0 = Release|Any CPU
		{D090AF33-508B-4619-A654-1B3FBF905FD9}.Debug|Any CPU.ActiveCfg = Debug|Any CPU
		{D090AF33-508B-4619-A654-1B3FBF905FD9}.Debug|Any CPU.Build.0 = Debug|Any CPU
		{D090AF33-508B-4619-A654-1B3FBF905FD9}.Debug|x64.ActiveCfg = Debug|Any CPU
		{D090AF33-508B-4619-A654-1B3FBF905FD9}.Debug|x64.Build.0 = Debug|Any CPU
		{D090AF33-508B-4619-A654-1B3FBF905FD9}.Debug|x86.ActiveCfg = Debug|Any CPU
		{D090AF33-508B-4619-A654-1B3FBF905FD9}.Debug|x86.Build.0 = Debug|Any CPU
		{D090AF33-508B-4619-A654-1B3FBF905FD9}.Release|Any CPU.ActiveCfg = Release|Any CPU
		{D090AF33-508B-4619-A654-1B3FBF905FD9}.Release|Any CPU.Build.0 = Release|Any CPU
		{D090AF33-508B-4619-A654-1B3FBF905FD9}.Release|x64.ActiveCfg = Release|Any CPU
		{D090AF33-508B-4619-A654-1B3FBF905FD9}.Release|x64.Build.0 = Release|Any CPU
		{D090AF33-508B-4619-A654-1B3FBF905FD9}.Release|x86.ActiveCfg = Release|Any CPU
		{D090AF33-508B-4619-A654-1B3FBF905FD9}.Release|x86.Build.0 = Release|Any CPU
		{2BB86478-D80E-4AFA-96C1-4C28BB8173E8}.Debug|Any CPU.ActiveCfg = Debug|Any CPU
		{2BB86478-D80E-4AFA-96C1-4C28BB8173E8}.Debug|Any CPU.Build.0 = Debug|Any CPU
		{2BB86478-D80E-4AFA-96C1-4C28BB8173E8}.Debug|x64.ActiveCfg = Debug|Any CPU
		{2BB86478-D80E-4AFA-96C1-4C28BB8173E8}.Debug|x64.Build.0 = Debug|Any CPU
		{2BB86478-D80E-4AFA-96C1-4C28BB8173E8}.Debug|x86.ActiveCfg = Debug|Any CPU
		{2BB86478-D80E-4AFA-96C1-4C28BB8173E8}.Debug|x86.Build.0 = Debug|Any CPU
		{2BB86478-D80E-4AFA-96C1-4C28BB8173E8}.Release|Any CPU.ActiveCfg = Release|Any CPU
		{2BB86478-D80E-4AFA-96C1-4C28BB8173E8}.Release|Any CPU.Build.0 = Release|Any CPU
		{2BB86478-D80E-4AFA-96C1-4C28BB8173E8}.Release|x64.ActiveCfg = Release|Any CPU
		{2BB86478-D80E-4AFA-96C1-4C28BB8173E8}.Release|x64.Build.0 = Release|Any CPU
		{2BB86478-D80E-4AFA-96C1-4C28BB8173E8}.Release|x86.ActiveCfg = Release|Any CPU
		{2BB86478-D80E-4AFA-96C1-4C28BB8173E8}.Release|x86.Build.0 = Release|Any CPU
		{0E4898C5-7CF9-450D-A7B5-710C7739EAC7}.Debug|Any CPU.ActiveCfg = Debug|Any CPU
		{0E4898C5-7CF9-450D-A7B5-710C7739EAC7}.Debug|Any CPU.Build.0 = Debug|Any CPU
		{0E4898C5-7CF9-450D-A7B5-710C7739EAC7}.Debug|x64.ActiveCfg = Debug|Any CPU
		{0E4898C5-7CF9-450D-A7B5-710C7739EAC7}.Debug|x64.Build.0 = Debug|Any CPU
		{0E4898C5-7CF9-450D-A7B5-710C7739EAC7}.Debug|x86.ActiveCfg = Debug|Any CPU
		{0E4898C5-7CF9-450D-A7B5-710C7739EAC7}.Debug|x86.Build.0 = Debug|Any CPU
		{0E4898C5-7CF9-450D-A7B5-710C7739EAC7}.Release|Any CPU.ActiveCfg = Release|Any CPU
		{0E4898C5-7CF9-450D-A7B5-710C7739EAC7}.Release|Any CPU.Build.0 = Release|Any CPU
		{0E4898C5-7CF9-450D-A7B5-710C7739EAC7}.Release|x64.ActiveCfg = Release|Any CPU
		{0E4898C5-7CF9-450D-A7B5-710C7739EAC7}.Release|x64.Build.0 = Release|Any CPU
		{0E4898C5-7CF9-450D-A7B5-710C7739EAC7}.Release|x86.ActiveCfg = Release|Any CPU
		{0E4898C5-7CF9-450D-A7B5-710C7739EAC7}.Release|x86.Build.0 = Release|Any CPU
	EndGlobalSection
	GlobalSection(SolutionProperties) = preSolution
		HideSolutionNode = FALSE
	EndGlobalSection
	GlobalSection(ExtensibilityGlobals) = postSolution
		SolutionGuid = {FA82CD50-D506-4A0C-9B89-4A4C52660DF0}
	EndGlobalSection
EndGlobal
